
Microsoft Visual Studio Solution File, Format Version 12.00
# Visual Studio 2013
VisualStudioVersion = 12.0.31101.0
MinimumVisualStudioVersion = 10.0.40219.1
Project("{FAE04EC0-301F-11D3-BF4B-00C04F79EFBC}") = "IS8012_FinalProject", "IS8012_FinalProject\IS8012_FinalProject.csproj", "{419604E0-BB83-42CD-802B-AAF5EE8E86DF}"
EndProject
Global
	GlobalSection(TeamFoundationVersionControl) = preSolution
		SccNumberOfProjects = 2
		SccEnterpriseProvider = {4CA58AB2-18FA-4F8D-95D4-32DDF27D184C}
		SccTeamFoundationServer = https://mayankrastogiuc.visualstudio.com/defaultcollection
		SccLocalPath0 = .
		SccProjectUniqueName1 = IS8012_FinalProject\\IS8012_FinalProject.csproj
		SccProjectName1 = IS8012_FinalProject
		SccLocalPath1 = IS8012_FinalProject
	EndGlobalSection
	GlobalSection(SolutionConfigurationPlatforms) = preSolution
		Debug|Any CPU = Debug|Any CPU
		Release|Any CPU = Release|Any CPU
	EndGlobalSection
	GlobalSection(ProjectConfigurationPlatforms) = postSolution
		{419604E0-BB83-42CD-802B-AAF5EE8E86DF}.Debug|Any CPU.ActiveCfg = Debug|Any CPU
		{419604E0-BB83-42CD-802B-AAF5EE8E86DF}.Debug|Any CPU.Build.0 = Debug|Any CPU
		{419604E0-BB83-42CD-802B-AAF5EE8E86DF}.Release|Any CPU.ActiveCfg = Release|Any CPU
		{419604E0-BB83-42CD-802B-AAF5EE8E86DF}.Release|Any CPU.Build.0 = Release|Any CPU
	EndGlobalSection
	GlobalSection(SolutionProperties) = preSolution
		HideSolutionNode = FALSE
	EndGlobalSection
EndGlobal
